// !$*UTF8*$!
{
	archiveVersion = 1;
	classes = {
	};
	objectVersion = 56;
	objects = {

/* Begin PBXBuildFile section */
		AF4066022B82B131006D5F42 /* RealityKitContent in Frameworks */ = {isa = PBXBuildFile; productRef = AF4066012B82B131006D5F42 /* RealityKitContent */; };
		AF4066042B82B131006D5F42 /* AstronautApp.swift in Sources */ = {isa = PBXBuildFile; fileRef = AF4066032B82B131006D5F42 /* AstronautApp.swift */; };
		AF4066062B82B131006D5F42 /* ContentView.swift in Sources */ = {isa = PBXBuildFile; fileRef = AF4066052B82B131006D5F42 /* ContentView.swift */; };
		AF4066082B82B133006D5F42 /* Assets.xcassets in Resources */ = {isa = PBXBuildFile; fileRef = AF4066072B82B133006D5F42 /* Assets.xcassets */; };
		AF40660B2B82B133006D5F42 /* Preview Assets.xcassets in Resources */ = {isa = PBXBuildFile; fileRef = AF40660A2B82B133006D5F42 /* Preview Assets.xcassets */; };
		AF4066142B82B741006D5F42 /* AstronautExperience.swift in Sources */ = {isa = PBXBuildFile; fileRef = AF4066132B82B741006D5F42 /* AstronautExperience.swift */; };
/* End PBXBuildFile section */

/* Begin PBXFileReference section */
		AF4065FC2B82B131006D5F42 /* Astronaut.app */ = {isa = PBXFileReference; explicitFileType = wrapper.application; includeInIndex = 0; path = Astronaut.app; sourceTree = BUILT_PRODUCTS_DIR; };
		AF4066002B82B131006D5F42 /* RealityKitContent */ = {isa = PBXFileReference; lastKnownFileType = wrapper; path = RealityKitContent; sourceTree = "<group>"; };
		AF4066032B82B131006D5F42 /* AstronautApp.swift */ = {isa = PBXFileReference; lastKnownFileType = sourcecode.swift; path = AstronautApp.swift; sourceTree = "<group>"; };
		AF4066052B82B131006D5F42 /* ContentView.swift */ = {isa = PBXFileReference; lastKnownFileType = sourcecode.swift; path = ContentView.swift; sourceTree = "<group>"; };
		AF4066072B82B133006D5F42 /* Assets.xcassets */ = {isa = PBXFileReference; lastKnownFileType = folder.assetcatalog; path = Assets.xcassets; sourceTree = "<group>"; };
		AF40660A2B82B133006D5F42 /* Preview Assets.xcassets */ = {isa = PBXFileReference; lastKnownFileType = folder.assetcatalog; path = "Preview Assets.xcassets"; sourceTree = "<group>"; };
		AF40660C2B82B133006D5F42 /* Info.plist */ = {isa = PBXFileReference; lastKnownFileType = text.plist.xml; path = Info.plist; sourceTree = "<group>"; };
		AF4066122B82B58A006D5F42 /* CosmonautSuit_en.reality */ = {isa = PBXFileReference; lastKnownFileType = file; path = CosmonautSuit_en.reality; sourceTree = "<group>"; };
		AF4066132B82B741006D5F42 /* AstronautExperience.swift */ = {isa = PBXFileReference; lastKnownFileType = sourcecode.swift; path = AstronautExperience.swift; sourceTree = "<group>"; };
/* End PBXFileReference section */

/* Begin PBXFrameworksBuildPhase section */
		AF4065F92B82B131006D5F42 /* Frameworks */ = {
			isa = PBXFrameworksBuildPhase;
			buildActionMask = 2147483647;
			files = (
				AF4066022B82B131006D5F42 /* RealityKitContent in Frameworks */,
			);
			runOnlyForDeploymentPostprocessing = 0;
		};
/* End PBXFrameworksBuildPhase section */

/* Begin PBXGroup section */
		AF4065F32B82B131006D5F42 = {
			isa = PBXGroup;
			children = (
				AF4065FE2B82B131006D5F42 /* Astronaut */,
				AF4065FF2B82B131006D5F42 /* Packages */,
				AF4065FD2B82B131006D5F42 /* Products */,
			);
			sourceTree = "<group>";
		};
		AF4065FD2B82B131006D5F42 /* Products */ = {
			isa = PBXGroup;
			children = (
				AF4065FC2B82B131006D5F42 /* Astronaut.app */,
			);
			name = Products;
			sourceTree = "<group>";
		};
		AF4065FE2B82B131006D5F42 /* Astronaut */ = {
			isa = PBXGroup;
			children = (
				AF4066122B82B58A006D5F42 /* CosmonautSuit_en.reality */,
				AF4066032B82B131006D5F42 /* AstronautApp.swift */,
				AF4066052B82B131006D5F42 /* ContentView.swift */,
				AF4066132B82B741006D5F42 /* AstronautExperience.swift */,
				AF4066072B82B133006D5F42 /* Assets.xcassets */,
				AF40660C2B82B133006D5F42 /* Info.plist */,
				AF4066092B82B133006D5F42 /* Preview Content */,
			);
			path = Astronaut;
			sourceTree = "<group>";
		};
		AF4065FF2B82B131006D5F42 /* Packages */ = {
			isa = PBXGroup;
			children = (
				AF4066002B82B131006D5F42 /* RealityKitContent */,
			);
			path = Packages;
			sourceTree = "<group>";
		};
		AF4066092B82B133006D5F42 /* Preview Content */ = {
			isa = PBXGroup;
			children = (
				AF40660A2B82B133006D5F42 /* Preview Assets.xcassets */,
			);
			path = "Preview Content";
			sourceTree = "<group>";
		};
/* End PBXGroup section */

/* Begin PBXNativeTarget section */
		AF4065FB2B82B131006D5F42 /* Astronaut */ = {
			isa = PBXNativeTarget;
			buildConfigurationList = AF40660F2B82B133006D5F42 /* Build configuration list for PBXNativeTarget "Astronaut" */;
			buildPhases = (
				AF4065F82B82B131006D5F42 /* Sources */,
				AF4065F92B82B131006D5F42 /* Frameworks */,
				AF4065FA2B82B131006D5F42 /* Resources */,
			);
			buildRules = (
			);
			dependencies = (
			);
			name = Astronaut;
			packageProductDependencies = (
				AF4066012B82B131006D5F42 /* RealityKitContent */,
			);
			productName = Astronaut;
			productReference = AF4065FC2B82B131006D5F42 /* Astronaut.app */;
			productType = "com.apple.product-type.application";
		};
/* End PBXNativeTarget section */

/* Begin PBXProject section */
		AF4065F42B82B131006D5F42 /* Project object */ = {
			isa = PBXProject;
			attributes = {
				BuildIndependentTargetsInParallel = 1;
				LastSwiftUpdateCheck = 1520;
				LastUpgradeCheck = 1520;
				TargetAttributes = {
					AF4065FB2B82B131006D5F42 = {
						CreatedOnToolsVersion = 15.2;
					};
				};
			};
			buildConfigurationList = AF4065F72B82B131006D5F42 /* Build configuration list for PBXProject "Astronaut" */;
			compatibilityVersion = "Xcode 14.0";
			developmentRegion = en;
			hasScannedForEncodings = 0;
			knownRegions = (
				en,
				Base,
			);
			mainGroup = AF4065F32B82B131006D5F42;
			productRefGroup = AF4065FD2B82B131006D5F42 /* Products */;
			projectDirPath = "";
			projectRoot = "";
			targets = (
				AF4065FB2B82B131006D5F42 /* Astronaut */,
			);
		};
/* End PBXProject section */

/* Begin PBXResourcesBuildPhase section */
		AF4065FA2B82B131006D5F42 /* Resources */ = {
			isa = PBXResourcesBuildPhase;
			buildActionMask = 2147483647;
			files = (
				AF40660B2B82B133006D5F42 /* Preview Assets.xcassets in Resources */,
				AF4066082B82B133006D5F42 /* Assets.xcassets in Resources */,
			);
			runOnlyForDeploymentPostprocessing = 0;
		};
/* End PBXResourcesBuildPhase section */

/* Begin PBXSourcesBuildPhase section */
		AF4065F82B82B131006D5F42 /* Sources */ = {
			isa = PBXSourcesBuildPhase;
			buildActionMask = 2147483647;
			files = (
				AF4066142B82B741006D5F42 /* AstronautExperience.swift in Sources */,
				AF4066062B82B131006D5F42 /* ContentView.swift in Sources */,
				AF4066042B82B131006D5F42 /* AstronautApp.swift in Sources */,
			);
			runOnlyForDeploymentPostprocessing = 0;
		};
/* End PBXSourcesBuildPhase section */

/* Begin XCBuildConfiguration section */
		AF40660D2B82B133006D5F42 /* Debug */ = {
			isa = XCBuildConfiguration;
			buildSettings = {
				ALWAYS_SEARCH_USER_PATHS = NO;
				ASSETCATALOG_COMPILER_GENERATE_SWIFT_ASSET_SYMBOL_EXTENSIONS = YES;
				CLANG_ANALYZER_NONNULL = YES;
				CLANG_ANALYZER_NUMBER_OBJECT_CONVERSION = YES_AGGRESSIVE;
				CLANG_CXX_LANGUAGE_STANDARD = "gnu++20";
				CLANG_ENABLE_MODULES = YES;
				CLANG_ENABLE_OBJC_ARC = YES;
				CLANG_ENABLE_OBJC_WEAK = YES;
				CLANG_WARN_BLOCK_CAPTURE_AUTORELEASING = YES;
				CLANG_WARN_BOOL_CONVERSION = YES;
				CLANG_WARN_COMMA = YES;
				CLANG_WARN_CONSTANT_CONVERSION = YES;
				CLANG_WARN_DEPRECATED_OBJC_IMPLEMENTATIONS = YES;
				CLANG_WARN_DIRECT_OBJC_ISA_USAGE = YES_ERROR;
				CLANG_WARN_DOCUMENTATION_COMMENTS = YES;
				CLANG_WARN_EMPTY_BODY = YES;
				CLANG_WARN_ENUM_CONVERSION = YES;
				CLANG_WARN_INFINITE_RECURSION = YES;
				CLANG_WARN_INT_CONVERSION = YES;
				CLANG_WARN_NON_LITERAL_NULL_CONVERSION = YES;
				CLANG_WARN_OBJC_IMPLICIT_RETAIN_SELF = YES;
				CLANG_WARN_OBJC_LITERAL_CONVERSION = YES;
				CLANG_WARN_OBJC_ROOT_CLASS = YES_ERROR;
				CLANG_WARN_QUOTED_INCLUDE_IN_FRAMEWORK_HEADER = YES;
				CLANG_WARN_RANGE_LOOP_ANALYSIS = YES;
				CLANG_WARN_STRICT_PROTOTYPES = YES;
				CLANG_WARN_SUSPICIOUS_MOVE = YES;
				CLANG_WARN_UNGUARDED_AVAILABILITY = YES_AGGRESSIVE;
				CLANG_WARN_UNREACHABLE_CODE = YES;
				CLANG_WARN__DUPLICATE_METHOD_MATCH = YES;
				COPY_PHASE_STRIP = NO;
				DEBUG_INFORMATION_FORMAT = dwarf;
				ENABLE_STRICT_OBJC_MSGSEND = YES;
				ENABLE_TESTABILITY = YES;
				ENABLE_USER_SCRIPT_SANDBOXING = YES;
				GCC_C_LANGUAGE_STANDARD = gnu17;
				GCC_DYNAMIC_NO_PIC = NO;
				GCC_NO_COMMON_BLOCKS = YES;
				GCC_OPTIMIZATION_LEVEL = 0;
				GCC_PREPROCESSOR_DEFINITIONS = (
					"DEBUG=1",
					"$(inherited)",
				);
				GCC_WARN_64_TO_32_BIT_CONVERSION = YES;
				GCC_WARN_ABOUT_RETURN_TYPE = YES_ERROR;
				GCC_WARN_UNDECLARED_SELECTOR = YES;
				GCC_WARN_UNINITIALIZED_AUTOS = YES_AGGRESSIVE;
				GCC_WARN_UNUSED_FUNCTION = YES;
				GCC_WARN_UNUSED_VARIABLE = YES;
				LOCALIZATION_PREFERS_STRING_CATALOGS = YES;
				MTL_ENABLE_DEBUG_INFO = INCLUDE_SOURCE;
				MTL_FAST_MATH = YES;
				ONLY_ACTIVE_ARCH = YES;
				SDKROOT = xros;
				SWIFT_ACTIVE_COMPILATION_CONDITIONS = "DEBUG $(inherited)";
				SWIFT_OPTIMIZATION_LEVEL = "-Onone";
				XROS_DEPLOYMENT_TARGET = 1.0;
			};
			name = Debug;
		};
		AF40660E2B82B133006D5F42 /* Release */ = {
			isa = XCBuildConfiguration;
			buildSettings = {
				ALWAYS_SEARCH_USER_PATHS = NO;
				ASSETCATALOG_COMPILER_GENERATE_SWIFT_ASSET_SYMBOL_EXTENSIONS = YES;
				CLANG_ANALYZER_NONNULL = YES;
				CLANG_ANALYZER_NUMBER_OBJECT_CONVERSION = YES_AGGRESSIVE;
				CLANG_CXX_LANGUAGE_STANDARD = "gnu++20";
				CLANG_ENABLE_MODULES = YES;
				CLANG_ENABLE_OBJC_ARC = YES;
				CLANG_ENABLE_OBJC_WEAK = YES;
				CLANG_WARN_BLOCK_CAPTURE_AUTORELEASING = YES;
				CLANG_WARN_BOOL_CONVERSION = YES;
				CLANG_WARN_COMMA = YES;
				CLANG_WARN_CONSTANT_CONVERSION = YES;
				CLANG_WARN_DEPRECATED_OBJC_IMPLEMENTATIONS = YES;
				CLANG_WARN_DIRECT_OBJC_ISA_USAGE = YES_ERROR;
				CLANG_WARN_DOCUMENTATION_COMMENTS = YES;
				CLANG_WARN_EMPTY_BODY = YES;
				CLANG_WARN_ENUM_CONVERSION = YES;
				CLANG_WARN_INFINITE_RECURSION = YES;
				CLANG_WARN_INT_CONVERSION = YES;
				CLANG_WARN_NON_LITERAL_NULL_CONVERSION = YES;
				CLANG_WARN_OBJC_IMPLICIT_RETAIN_SELF = YES;
				CLANG_WARN_OBJC_LITERAL_CONVERSION = YES;
				CLANG_WARN_OBJC_ROOT_CLASS = YES_ERROR;
				CLANG_WARN_QUOTED_INCLUDE_IN_FRAMEWORK_HEADER = YES;
				CLANG_WARN_RANGE_LOOP_ANALYSIS = YES;
				CLANG_WARN_STRICT_PROTOTYPES = YES;
				CLANG_WARN_SUSPICIOUS_MOVE = YES;
				CLANG_WARN_UNGUARDED_AVAILABILITY = YES_AGGRESSIVE;
				CLANG_WARN_UNREACHABLE_CODE = YES;
				CLANG_WARN__DUPLICATE_METHOD_MATCH = YES;
				COPY_PHASE_STRIP = NO;
				DEBUG_INFORMATION_FORMAT = "dwarf-with-dsym";
				ENABLE_NS_ASSERTIONS = NO;
				ENABLE_STRICT_OBJC_MSGSEND = YES;
				ENABLE_USER_SCRIPT_SANDBOXING = YES;
				GCC_C_LANGUAGE_STANDARD = gnu17;
				GCC_NO_COMMON_BLOCKS = YES;
				GCC_WARN_64_TO_32_BIT_CONVERSION = YES;
				GCC_WARN_ABOUT_RETURN_TYPE = YES_ERROR;
				GCC_WARN_UNDECLARED_SELECTOR = YES;
				GCC_WARN_UNINITIALIZED_AUTOS = YES_AGGRESSIVE;
				GCC_WARN_UNUSED_FUNCTION = YES;
				GCC_WARN_UNUSED_VARIABLE = YES;
				LOCALIZATION_PREFERS_STRING_CATALOGS = YES;
				MTL_ENABLE_DEBUG_INFO = NO;
				MTL_FAST_MATH = YES;
				SDKROOT = xros;
				SWIFT_COMPILATION_MODE = wholemodule;
				VALIDATE_PRODUCT = YES;
				XROS_DEPLOYMENT_TARGET = 1.0;
			};
			name = Release;
		};
		AF4066102B82B133006D5F42 /* Debug */ = {
			isa = XCBuildConfiguration;
			buildSettings = {
				ASSETCATALOG_COMPILER_APPICON_NAME = AppIcon;
				ASSETCATALOG_COMPILER_GLOBAL_ACCENT_COLOR_NAME = AccentColor;
				CODE_SIGN_STYLE = Automatic;
				CURRENT_PROJECT_VERSION = 1;
				DEVELOPMENT_ASSET_PATHS = "\"Astronaut/Preview Content\"";
				DEVELOPMENT_TEAM = KP568P4923;
				ENABLE_PREVIEWS = YES;
				GENERATE_INFOPLIST_FILE = YES;
				INFOPLIST_FILE = "$(TARGET_NAME)/Info.plist";
				LD_RUNPATH_SEARCH_PATHS = (
					"$(inherited)",
					"@executable_path/Frameworks",
				);
				MARKETING_VERSION = 1.0;
				PRODUCT_BUNDLE_IDENTIFIER = EnvisionStudios.Astronaut;
				PRODUCT_NAME = "$(TARGET_NAME)";
				SUPPORTED_PLATFORMS = "xros xrsimulator";
				SWIFT_EMIT_LOC_STRINGS = YES;
				SWIFT_VERSION = 5.0;
				TARGETED_DEVICE_FAMILY = "1,2,7";
			};
			name = Debug;
		};
		AF4066112B82B133006D5F42 /* Release */ = {
			isa = XCBuildConfiguration;
			buildSettings = {
				ASSETCATALOG_COMPILER_APPICON_NAME = AppIcon;
				ASSETCATALOG_COMPILER_GLOBAL_ACCENT_COLOR_NAME = AccentColor;
				CODE_SIGN_STYLE = Automatic;
				CURRENT_PROJECT_VERSION = 1;
				DEVELOPMENT_ASSET_PATHS = "\"Astronaut/Preview Content\"";
				DEVELOPMENT_TEAM = KP568P4923;
				ENABLE_PREVIEWS = YES;
				GENERATE_INFOPLIST_FILE = YES;
				INFOPLIST_FILE = "$(TARGET_NAME)/Info.plist";
				LD_RUNPATH_SEARCH_PATHS = (
					"$(inherited)",
					"@executable_path/Frameworks",
				);
				MARKETING_VERSION = 1.0;
				PRODUCT_BUNDLE_IDENTIFIER = EnvisionStudios.Astronaut;
				PRODUCT_NAME = "$(TARGET_NAME)";
				SUPPORTED_PLATFORMS = "xros xrsimulator";
				SWIFT_EMIT_LOC_STRINGS = YES;
				SWIFT_VERSION = 5.0;
				TARGETED_DEVICE_FAMILY = "1,2,7";
			};
			name = Release;
		};
/* End XCBuildConfiguration section */

/* Begin XCConfigurationList section */
		AF4065F72B82B131006D5F42 /* Build configuration list for PBXProject "Astronaut" */ = {
			isa = XCConfigurationList;
			buildConfigurations = (
				AF40660D2B82B133006D5F42 /* Debug */,
				AF40660E2B82B133006D5F42 /* Release */,
			);
			defaultConfigurationIsVisible = 0;
			defaultConfigurationName = Release;
		};
		AF40660F2B82B133006D5F42 /* Build configuration list for PBXNativeTarget "Astronaut" */ = {
			isa = XCConfigurationList;
			buildConfigurations = (
				AF4066102B82B133006D5F42 /* Debug */,
				AF4066112B82B133006D5F42 /* Release */,
			);
			defaultConfigurationIsVisible = 0;
			defaultConfigurationName = Release;
		};
/* End XCConfigurationList section */

/* Begin XCSwiftPackageProductDependency section */
		AF4066012B82B131006D5F42 /* RealityKitContent */ = {
			isa = XCSwiftPackageProductDependency;
			productName = RealityKitContent;
		};
/* End XCSwiftPackageProductDependency section */
	};
	rootObject = AF4065F42B82B131006D5F42 /* Project object */;
}
